{
  "name": "@williamchiu-eth/chipk-simulator-capture",
  "version": "0.0.0-preflight.1",
  "lockfileVersion": 3,
  "requires": true,
  "packages": {
    "": {
      "name": "@williamchiu-eth/chipk-simulator-capture",
      "version": "0.0.0-preflight.1",
      "bin": {
        "chipk-capture": "bin/chipk-capture.js"
      },
      "engines": {
        "node": ">=22 <25"
      }
    }
  }
}
